{
  "lockfileVersion": 1,
  "workspaces": {
    "": {
      "name": "crud-api",
      "dependencies": {
        "@faker-js/faker": "^10.0.0",
        "@hono/swagger-ui": "^0.5.2",
        "@hono/zod-openapi": "^1.1.3",
        "hono": "^4.9.9",
        "zod": "^4.1.11",
      },
      "devDependencies": {
        "@types/bun": "latest",
      },
    },
  },
  "packages": {
    "@asteasolutions/zod-to-openapi": ["@asteasolutions/zod-to-openapi@8.1.0", "", { "dependencies": { "openapi3-ts": "^4.1.2" }, "peerDependencies": { "zod": "^4.0.0" } }, "sha512-tQFxVs05J/6QXXqIzj6rTRk3nj1HFs4pe+uThwE95jL5II2JfpVXkK+CqkO7aT0Do5AYqO6LDrKpleLUFXgY+g=="],

    "@faker-js/faker": ["@faker-js/faker@10.0.0", "", {}, "sha512-UollFEUkVXutsaP+Vndjxar40Gs5JL2HeLcl8xO1QAjJgOdhc3OmBFWyEylS+RddWaaBiAzH+5/17PLQJwDiLw=="],

    "@hono/swagger-ui": ["@hono/swagger-ui@0.5.2", "", { "peerDependencies": { "hono": "*" } }, "sha512-7wxLKdb8h7JTdZ+K8DJNE3KXQMIpJejkBTQjrYlUWF28Z1PGOKw6kUykARe5NTfueIN37jbyG/sBYsbzXzG53A=="],

    "@hono/zod-openapi": ["@hono/zod-openapi@1.1.3", "", { "dependencies": { "@asteasolutions/zod-to-openapi": "^8.1.0", "@hono/zod-validator": "^0.7.3", "openapi3-ts": "^4.5.0" }, "peerDependencies": { "hono": ">=4.3.6", "zod": "^4.0.0" } }, "sha512-ikA8p0Jt7yplxOqbYwdh8rCQWaGN4bu8zK1HbCWqfWT9clo87L32D0eAQ/r0tJodtZbTV5d1vPB75FCkUt1Jdg=="],

    "@hono/zod-validator": ["@hono/zod-validator@0.7.3", "", { "peerDependencies": { "hono": ">=3.9.0", "zod": "^3.25.0 || ^4.0.0" } }, "sha512-uYGdgVib3RlGD698WR5dVM0zB3UuPY5vHKXffGUbUh7r4xY+mFIhF3/v4AcQVLrU5CQdBso8BJr4wuVoCrjTuQ=="],

    "@types/bun": ["@types/bun@1.2.23", "", { "dependencies": { "bun-types": "1.2.23" } }, "sha512-le8ueOY5b6VKYf19xT3McVbXqLqmxzPXHsQT/q9JHgikJ2X22wyTW3g3ohz2ZMnp7dod6aduIiq8A14Xyimm0A=="],

    "@types/node": ["@types/node@24.6.0", "", { "dependencies": { "undici-types": "~7.13.0" } }, "sha512-F1CBxgqwOMc4GKJ7eY22hWhBVQuMYTtqI8L0FcszYcpYX0fzfDGpez22Xau8Mgm7O9fI+zA/TYIdq3tGWfweBA=="],

    "@types/react": ["@types/react@19.1.16", "", { "dependencies": { "csstype": "^3.0.2" } }, "sha512-WBM/nDbEZmDUORKnh5i1bTnAz6vTohUf9b8esSMu+b24+srbaxa04UbJgWx78CVfNXA20sNu0odEIluZDFdCog=="],

    "bun-types": ["bun-types@1.2.23", "", { "dependencies": { "@types/node": "*" }, "peerDependencies": { "@types/react": "^19" } }, "sha512-R9f0hKAZXgFU3mlrA0YpE/fiDvwV0FT9rORApt2aQVWSuJDzZOyB5QLc0N/4HF57CS8IXJ6+L5E4W1bW6NS2Aw=="],

    "csstype": ["csstype@3.1.3", "", {}, "sha512-M1uQkMl8rQK/szD0LNhtqxIPLpimGm8sOBwU7lLnCpSbTyY3yeU1Vc7l4KT5zT4s/yOxHH5O7tIuuLOCnLADRw=="],

    "hono": ["hono@4.9.9", "", {}, "sha512-Hxw4wT6zjJGZJdkJzAx9PyBdf7ZpxaTSA0NfxqjLghwMrLBX8p33hJBzoETRakF3UJu6OdNQBZAlNSkGqKFukw=="],

    "openapi3-ts": ["openapi3-ts@4.5.0", "", { "dependencies": { "yaml": "^2.8.0" } }, "sha512-jaL+HgTq2Gj5jRcfdutgRGLosCy/hT8sQf6VOy+P+g36cZOjI1iukdPnijC+4CmeRzg/jEllJUboEic2FhxhtQ=="],

    "undici-types": ["undici-types@7.13.0", "", {}, "sha512-Ov2Rr9Sx+fRgagJ5AX0qvItZG/JKKoBRAVITs1zk7IqZGTJUwgUr7qoYBpWwakpWilTZFM98rG/AFRocu10iIQ=="],

    "yaml": ["yaml@2.8.1", "", { "bin": { "yaml": "bin.mjs" } }, "sha512-lcYcMxX2PO9XMGvAJkJ3OsNMw+/7FKes7/hgerGUYWIoWu5j/+YQqcZr5JnPZWzOsEBgMbSbiSTn/dv/69Mkpw=="],

    "zod": ["zod@4.1.11", "", {}, "sha512-WPsqwxITS2tzx1bzhIKsEs19ABD5vmCVa4xBo2tq/SrV4RNZtfws1EnCWQXM6yh8bD08a1idvkB5MZSBiZsjwg=="],
  }
}
